
Microsoft Visual Studio Solution File, Format Version 12.00
# Visual Studio Version 16
VisualStudioVersion = 16.0.29926.136
MinimumVisualStudioVersion = 10.0.40219.1
Project("{9A19103F-16F7-4668-BE54-9A1E7A4F7556}") = "DownLoadHaoKanVideo", "DownLoadHaoKanVideo.csproj", "{4E967D96-023F-4055-AECD-402937D8BF5C}"
EndProject
Project("{FAE04EC0-301F-11D3-BF4B-00C04F79EFBC}") = "DownLoadHaoKanVideoAPI", "..\DownLoadHaoKanVideoAPI\DownLoadHaoKanVideoAPI.csproj", "{1C04E284-7C39-45B4-B353-8BF78CBE026A}"
EndProject
Global
	GlobalSection(SolutionConfigurationPlatforms) = preSolution
		Debug|Any CPU = Debug|Any CPU
		Release|Any CPU = Release|Any CPU
	EndGlobalSection
	GlobalSection(ProjectConfigurationPlatforms) = postSolution
		{4E967D96-023F-4055-AECD-402937D8BF5C}.Debug|Any CPU.ActiveCfg = Debug|Any CPU
		{4E967D96-023F-4055-AECD-402937D8BF5C}.Debug|Any CPU.Build.0 = Debug|Any CPU
		{4E967D96-023F-4055-AECD-402937D8BF5C}.Release|Any CPU.ActiveCfg = Release|Any CPU
		{4E967D96-023F-4055-AECD-402937D8BF5C}.Release|Any CPU.Build.0 = Release|Any CPU
		{1C04E284-7C39-45B4-B353-8BF78CBE026A}.Debug|Any CPU.ActiveCfg = Debug|Any CPU
		{1C04E284-7C39-45B4-B353-8BF78CBE026A}.Debug|Any CPU.Build.0 = Debug|Any CPU
		{1C04E284-7C39-45B4-B353-8BF78CBE026A}.Release|Any CPU.ActiveCfg = Release|Any CPU
		{1C04E284-7C39-45B4-B353-8BF78CBE026A}.Release|Any CPU.Build.0 = Release|Any CPU
	EndGlobalSection
	GlobalSection(SolutionProperties) = preSolution
		HideSolutionNode = FALSE
	EndGlobalSection
	GlobalSection(ExtensibilityGlobals) = postSolution
		SolutionGuid = {E680E79C-A51C-438A-B61C-2DDAFA849F7B}
	EndGlobalSection
EndGlobal
